
Microsoft Visual Studio Solution File, Format Version 12.00
# Visual Studio Version 16
VisualStudioVersion = 16.0.31702.278
MinimumVisualStudioVersion = 10.0.40219.1
Project("{9A19103F-16F7-4668-BE54-9A1E7A4F7556}") = "WebService1", "WebServices\WebService1.csproj", "{6966224C-CD90-458F-9B48-A2B031265651}"
EndProject
Project("{9A19103F-16F7-4668-BE54-9A1E7A4F7556}") = "WebService2", "WebService2\WebService2.csproj", "{7487814C-7C6D-4D9C-AFD6-33AF9CCC13D1}"
EndProject
Project("{FAE04EC0-301F-11D3-BF4B-00C04F79EFBC}") = "Modelslb", "Modelslb\Modelslb.csproj", "{2C583191-3C09-4F7B-A3E2-86D4282D5656}"
EndProject
Global
	GlobalSection(SolutionConfigurationPlatforms) = preSolution
		Debug|Any CPU = Debug|Any CPU
		Release|Any CPU = Release|Any CPU
	EndGlobalSection
	GlobalSection(ProjectConfigurationPlatforms) = postSolution
		{6966224C-CD90-458F-9B48-A2B031265651}.Debug|Any CPU.ActiveCfg = Debug|Any CPU
		{6966224C-CD90-458F-9B48-A2B031265651}.Debug|Any CPU.Build.0 = Debug|Any CPU
		{6966224C-CD90-458F-9B48-A2B031265651}.Release|Any CPU.ActiveCfg = Release|Any CPU
		{6966224C-CD90-458F-9B48-A2B031265651}.Release|Any CPU.Build.0 = Release|Any CPU
		{7487814C-7C6D-4D9C-AFD6-33AF9CCC13D1}.Debug|Any CPU.ActiveCfg = Debug|Any CPU
		{7487814C-7C6D-4D9C-AFD6-33AF9CCC13D1}.Debug|Any CPU.Build.0 = Debug|Any CPU
		{7487814C-7C6D-4D9C-AFD6-33AF9CCC13D1}.Release|Any CPU.ActiveCfg = Release|Any CPU
		{7487814C-7C6D-4D9C-AFD6-33AF9CCC13D1}.Release|Any CPU.Build.0 = Release|Any CPU
		{2C583191-3C09-4F7B-A3E2-86D4282D5656}.Debug|Any CPU.ActiveCfg = Debug|Any CPU
		{2C583191-3C09-4F7B-A3E2-86D4282D5656}.Debug|Any CPU.Build.0 = Debug|Any CPU
		{2C583191-3C09-4F7B-A3E2-86D4282D5656}.Release|Any CPU.ActiveCfg = Release|Any CPU
		{2C583191-3C09-4F7B-A3E2-86D4282D5656}.Release|Any CPU.Build.0 = Release|Any CPU
	EndGlobalSection
	GlobalSection(SolutionProperties) = preSolution
		HideSolutionNode = FALSE
	EndGlobalSection
	GlobalSection(ExtensibilityGlobals) = postSolution
		SolutionGuid = {E45B8148-F22D-4798-B04B-F22A39CDE5EF}
	EndGlobalSection
EndGlobal
